# THIS IS AN AUTOGENERATED FILE. DO NOT EDIT THIS FILE DIRECTLY.
# yarn lockfile v1


"@bbc/igm-base@1.0.0":
  version "1.0.0"
  resolved "https://registry.yarnpkg.com/@bbc/igm-base/-/igm-base-1.0.0.tgz#cc9b1fdff0261bbe334eba3610efad171ef716e7"
  integrity sha1-zJsf3/AmG74zTro2EO+tFx73Fuc=
  dependencies:
    gel-typography "^2.0.5"

"@bbc/igm-btn@^2.0.0":
  version "2.0.0"
  resolved "https://registry.yarnpkg.com/@bbc/igm-btn/-/igm-btn-2.0.0.tgz#98f954efb86b4a88c20111a9a81d62680539f275"
  integrity sha1-mPlU77hrSojCARGpqB1iaAU58nU=
  dependencies:
    "@bbc/igm-base" "1.0.0"
    classnames "^2.2.5"

classnames@^2.2.5:
  version "2.2.6"
  resolved "https://registry.yarnpkg.com/classnames/-/classnames-2.2.6.tgz#43935bffdd291f326dad0a205309b38d00f650ce"
  integrity sha512-JR/iSQOSt+LQIWwrwEzJ9uk0xfN3mTVYMwt1Ir5mUcSN6pU+V4zQFFaJsclJbPuAUQH+yfWef6tm7l1quW3C8Q==

gel-sass-tools@^1.1.0:
  version "1.2.1"
  resolved "https://registry.yarnpkg.com/gel-sass-tools/-/gel-sass-tools-1.2.1.tgz#bb54277bd49a09da04673107fdd2ad9c0dcfeaa5"
  integrity sha1-u1Qne9SaCdoEZzEH/dKtnA3P6qU=
  dependencies:
    sass-mq "^3.2.3"

gel-typography@^2.0.5:
  version "2.0.5"
  resolved "https://registry.yarnpkg.com/gel-typography/-/gel-typography-2.0.5.tgz#c5553b1954206dcbfecd839793da49a995da775d"
  integrity sha1-xVU7GVQgbcv+zYOXk9pJqZXad10=
  dependencies:
    gel-sass-tools "^1.1.0"

sass-mq@^3.2.3:
  version "3.3.2"
  resolved "https://registry.yarnpkg.com/sass-mq/-/sass-mq-3.3.2.tgz#3472e04c31a432bcd55b3b604edc72ae9a4def1a"
  integrity sha1-NHLgTDGkMrzVWztgTtxyrppN7xo=
